
Microsoft Visual Studio Solution File, Format Version 12.00
# Visual Studio Version 17
VisualStudioVersion = 17.4.33122.133
MinimumVisualStudioVersion = 10.0.40219.1
Project("{FAE04EC0-301F-11D3-BF4B-00C04F79EFBC}") = "CSharpSyntax", "CSharpSyntax\CSharpSyntax.csproj", "{6332C702-71CD-4B34-AD45-614E0D5B734E}"
EndProject
Global
	GlobalSection(SolutionConfigurationPlatforms) = preSolution
		Debug|Any CPU = Debug|Any CPU
		Release|Any CPU = Release|Any CPU
	EndGlobalSection
	GlobalSection(ProjectConfigurationPlatforms) = postSolution
		{6332C702-71CD-4B34-AD45-614E0D5B734E}.Debug|Any CPU.ActiveCfg = Debug|Any CPU
		{6332C702-71CD-4B34-AD45-614E0D5B734E}.Debug|Any CPU.Build.0 = Debug|Any CPU
		{6332C702-71CD-4B34-AD45-614E0D5B734E}.Release|Any CPU.ActiveCfg = Release|Any CPU
		{6332C702-71CD-4B34-AD45-614E0D5B734E}.Release|Any CPU.Build.0 = Release|Any CPU
	EndGlobalSection
	GlobalSection(SolutionProperties) = preSolution
		HideSolutionNode = FALSE
	EndGlobalSection
	GlobalSection(ExtensibilityGlobals) = postSolution
		SolutionGuid = {259C68EF-4AE9-452E-80ED-69705DE9C6C8}
	EndGlobalSection
EndGlobal
